{
  "name": "dizzco.github.io",
  "lockfileVersion": 2,
  "requires": true,
  "packages": {
    "": {
      "dependencies": {
        "videojs-mux": "^4.6.4"
      }
    },
    "node_modules/mux-embed": {
      "version": "4.8.0",
      "resolved": "https://registry.npmjs.org/mux-embed/-/mux-embed-4.8.0.tgz",
      "integrity": "sha512-8uFfGlY14Hpi6mTRTry6KmEV/SNUt3rSeCIayopPa9hv0V1IhPqMl0tMiwMt+Z7BW3pFfsbeqvyQqLqSGh+PBg=="
    },
    "node_modules/videojs-mux": {
      "version": "4.6.4",
      "resolved": "https://registry.npmjs.org/videojs-mux/-/videojs-mux-4.6.4.tgz",
      "integrity": "sha512-VzMc4PP5H409ZFKzP3YyB7a58jaUBnoCEuu1iIUPw7BN2UoAB3CbF14VNBnIeIVjWpH4z1BnYSnceTLUfSEPpw==",
      "dependencies": {
        "mux-embed": "4.8.0"
      }
    }
  },
  "dependencies": {
    "mux-embed": {
      "version": "4.8.0",
      "resolved": "https://registry.npmjs.org/mux-embed/-/mux-embed-4.8.0.tgz",
      "integrity": "sha512-8uFfGlY14Hpi6mTRTry6KmEV/SNUt3rSeCIayopPa9hv0V1IhPqMl0tMiwMt+Z7BW3pFfsbeqvyQqLqSGh+PBg=="
    },
    "videojs-mux": {
      "version": "4.6.4",
      "resolved": "https://registry.npmjs.org/videojs-mux/-/videojs-mux-4.6.4.tgz",
      "integrity": "sha512-VzMc4PP5H409ZFKzP3YyB7a58jaUBnoCEuu1iIUPw7BN2UoAB3CbF14VNBnIeIVjWpH4z1BnYSnceTLUfSEPpw==",
      "requires": {
        "mux-embed": "4.8.0"
      }
    }
  }
}
